<?xml version="1.0" encoding="utf-8"?>
<Project ToolsVersion="4.0" xmlns="http://schemas.microsoft.com/developer/msbuild/2003">
  <ItemGroup>
    <Filter Include="GUI">
      <UniqueIdentifier>{6b068f1b-676d-4e78-90a9-e2dab8f7209c}</UniqueIdentifier>
    </Filter>
    <Filter Include="GameStateMachine">
      <UniqueIdentifier>{e1930427-5b79-4209-bdc4-bb0bdd591db8}</UniqueIdentifier>
      <Extensions>
      </Extensions>
    </Filter>
    <Filter Include="Resources">
      <UniqueIdentifier>{e93bca58-ddb5-40d4-9969-12c0d6e29744}</UniqueIdentifier>
    </Filter>
    <Filter Include="Resources\Sounds">
      <UniqueIdentifier>{9247eadb-ff55-4d18-8a4b-e33871ffc388}</UniqueIdentifier>
    </Filter>
  </ItemGroup>
  <ItemGroup>
    <ClCompile Include="GUI\Button.cpp">
      <Filter>GUI</Filter>
    </ClCompile>
    <ClCompile Include="GameStateMachine\Game.cpp">
      <Filter>GameStateMachine</Filter>
    </ClCompile>
    <ClCompile Include="main.cpp" />
    <ClCompile Include="GameStateMachine\InputManager.cpp">
      <Filter>GameStateMachine</Filter>
    </ClCompile>
    <ClCompile Include="Field.cpp" />
    <ClCompile Include="Pattern.cpp" />
    <ClCompile Include="GUI\RoundedRectangleShape.cpp">
      <Filter>GUI</Filter>
    </ClCompile>
    <ClCompile Include="GUI\RoundedQuarterCircle.cpp">
      <Filter>GUI</Filter>
    </ClCompile>
  </ItemGroup>
  <ItemGroup>
    <ClInclude Include="GUI\Button.h">
      <Filter>GUI</Filter>
    </ClInclude>
    <ClInclude Include="GameStateMachine\Game.h">
      <Filter>GameStateMachine</Filter>
    </ClInclude>
    <ClInclude Include="GameStateMachine\InputManager.h">
      <Filter>GameStateMachine</Filter>
    </ClInclude>
    <ClInclude Include="Field.h" />
    <ClInclude Include="Pattern.h" />
    <ClInclude Include="RoundedRectangleShape.h">
      <Filter>GUI</Filter>
    </ClInclude>
    <ClInclude Include="GUI\RoundedQuarterCircle.h">
      <Filter>GUI</Filter>
    </ClInclude>
  </ItemGroup>
  <ItemGroup>
    <Media Include="Resources\Sounds\button2.wav">
      <Filter>Resources\Sounds</Filter>
    </Media>
    <Media Include="Resources\Sounds\button3.wav">
      <Filter>Resources\Sounds</Filter>
    </Media>
    <Media Include="Resources\Sounds\button4.wav">
      <Filter>Resources\Sounds</Filter>
    </Media>
    <Media Include="Resources\Sounds\button1.wav">
      <Filter>Resources\Sounds</Filter>
    </Media>
  </ItemGroup>
</Project>